
Microsoft Visual Studio Solution File, Format Version 12.00
# Visual Studio Version 17
VisualStudioVersion = 17.13.35931.197 d17.13
MinimumVisualStudioVersion = 10.0.40219.1
Project("{8BC9CEB8-8B4A-11D0-8D11-00A0C91BC942}") = "AoC2015_Day6", "AoC2015_Day6.vcxproj", "{F1BBEE39-12C0-42C7-908F-FC9B7ED88681}"
EndProject
Global
	GlobalSection(SolutionConfigurationPlatforms) = preSolution
		Debug|x64 = Debug|x64
		Debug|x86 = Debug|x86
		Release|x64 = Release|x64
		Release|x86 = Release|x86
	EndGlobalSection
	GlobalSection(ProjectConfigurationPlatforms) = postSolution
		{F1BBEE39-12C0-42C7-908F-FC9B7ED88681}.Debug|x64.ActiveCfg = Debug|x64
		{F1BBEE39-12C0-42C7-908F-FC9B7ED88681}.Debug|x64.Build.0 = Debug|x64
		{F1BBEE39-12C0-42C7-908F-FC9B7ED88681}.Debug|x86.ActiveCfg = Debug|Win32
		{F1BBEE39-12C0-42C7-908F-FC9B7ED88681}.Debug|x86.Build.0 = Debug|Win32
		{F1BBEE39-12C0-42C7-908F-FC9B7ED88681}.Release|x64.ActiveCfg = Release|x64
		{F1BBEE39-12C0-42C7-908F-FC9B7ED88681}.Release|x64.Build.0 = Release|x64
		{F1BBEE39-12C0-42C7-908F-FC9B7ED88681}.Release|x86.ActiveCfg = Release|Win32
		{F1BBEE39-12C0-42C7-908F-FC9B7ED88681}.Release|x86.Build.0 = Release|Win32
	EndGlobalSection
	GlobalSection(SolutionProperties) = preSolution
		HideSolutionNode = FALSE
	EndGlobalSection
	GlobalSection(ExtensibilityGlobals) = postSolution
		SolutionGuid = {0144623E-4226-4724-934E-CA11A312A20F}
	EndGlobalSection
EndGlobal
